
Microsoft Visual Studio Solution File, Format Version 12.00
# Visual Studio 15
VisualStudioVersion = 15.0.27703.2026
MinimumVisualStudioVersion = 10.0.40219.1
Project("{FAE04EC0-301F-11D3-BF4B-00C04F79EFBC}") = "YouScan.InterviewTask", "YouScan.InterviewTask\YouScan.InterviewTask.csproj", "{D725097D-F7A2-4383-9FF7-65379EABAD14}"
EndProject
Project("{FAE04EC0-301F-11D3-BF4B-00C04F79EFBC}") = "YouScan.InterviewTask.Tests", "YouScan.InterviewTask.Tests\YouScan.InterviewTask.Tests.csproj", "{1C13180B-0C27-49CD-BC22-142876C55A5D}"
EndProject
Project("{FAE04EC0-301F-11D3-BF4B-00C04F79EFBC}") = "LibraryUsage", "LibraryUsage\LibraryUsage.csproj", "{667EF64E-6B75-4A94-B6E4-ADB4D6BA5520}"
EndProject
Global
	GlobalSection(SolutionConfigurationPlatforms) = preSolution
		Debug|Any CPU = Debug|Any CPU
		Release|Any CPU = Release|Any CPU
	EndGlobalSection
	GlobalSection(ProjectConfigurationPlatforms) = postSolution
		{D725097D-F7A2-4383-9FF7-65379EABAD14}.Debug|Any CPU.ActiveCfg = Debug|Any CPU
		{D725097D-F7A2-4383-9FF7-65379EABAD14}.Debug|Any CPU.Build.0 = Debug|Any CPU
		{D725097D-F7A2-4383-9FF7-65379EABAD14}.Release|Any CPU.ActiveCfg = Release|Any CPU
		{D725097D-F7A2-4383-9FF7-65379EABAD14}.Release|Any CPU.Build.0 = Release|Any CPU
		{1C13180B-0C27-49CD-BC22-142876C55A5D}.Debug|Any CPU.ActiveCfg = Debug|Any CPU
		{1C13180B-0C27-49CD-BC22-142876C55A5D}.Debug|Any CPU.Build.0 = Debug|Any CPU
		{1C13180B-0C27-49CD-BC22-142876C55A5D}.Release|Any CPU.ActiveCfg = Release|Any CPU
		{1C13180B-0C27-49CD-BC22-142876C55A5D}.Release|Any CPU.Build.0 = Release|Any CPU
		{667EF64E-6B75-4A94-B6E4-ADB4D6BA5520}.Debug|Any CPU.ActiveCfg = Debug|Any CPU
		{667EF64E-6B75-4A94-B6E4-ADB4D6BA5520}.Debug|Any CPU.Build.0 = Debug|Any CPU
		{667EF64E-6B75-4A94-B6E4-ADB4D6BA5520}.Release|Any CPU.ActiveCfg = Release|Any CPU
		{667EF64E-6B75-4A94-B6E4-ADB4D6BA5520}.Release|Any CPU.Build.0 = Release|Any CPU
	EndGlobalSection
	GlobalSection(SolutionProperties) = preSolution
		HideSolutionNode = FALSE
	EndGlobalSection
	GlobalSection(ExtensibilityGlobals) = postSolution
		SolutionGuid = {6F480E3F-0428-414B-9D35-D2D74807B901}
	EndGlobalSection
EndGlobal
